
Microsoft Visual Studio Solution File, Format Version 12.00
# Visual Studio Version 16
VisualStudioVersion = 16.0.30523.141
MinimumVisualStudioVersion = 10.0.40219.1
Project("{FAE04EC0-301F-11D3-BF4B-00C04F79EFBC}") = "Glorious_app_by _Ghenghea_Andrei", "Glorious_app_by _Ghenghea_Andrei.csproj", "{A01F64AA-4911-439F-91EE-C16F022FB5C0}"
EndProject
Global
	GlobalSection(SolutionConfigurationPlatforms) = preSolution
		Debug|Any CPU = Debug|Any CPU
		Release|Any CPU = Release|Any CPU
	EndGlobalSection
	GlobalSection(ProjectConfigurationPlatforms) = postSolution
		{A01F64AA-4911-439F-91EE-C16F022FB5C0}.Debug|Any CPU.ActiveCfg = Debug|Any CPU
		{A01F64AA-4911-439F-91EE-C16F022FB5C0}.Debug|Any CPU.Build.0 = Debug|Any CPU
		{A01F64AA-4911-439F-91EE-C16F022FB5C0}.Release|Any CPU.ActiveCfg = Release|Any CPU
		{A01F64AA-4911-439F-91EE-C16F022FB5C0}.Release|Any CPU.Build.0 = Release|Any CPU
	EndGlobalSection
	GlobalSection(SolutionProperties) = preSolution
		HideSolutionNode = FALSE
	EndGlobalSection
	GlobalSection(ExtensibilityGlobals) = postSolution
		SolutionGuid = {292EC9F7-F22E-4D47-A744-BD7F1413FB50}
	EndGlobalSection
EndGlobal
